// !$*UTF8*$!
{
	archiveVersion = 1;
	classes = {
	};
	objectVersion = 46;
	objects = {

/* Begin PBXBuildFile section */
		47F1231EBE2BD6001425519F /* Pods_TwitterParam.framework in Frameworks */ = {isa = PBXBuildFile; fileRef = 556E0362FA0F545BE5F9885A /* Pods_TwitterParam.framework */; };
		5912996E1B37E79E0011EA85 /* String+DateHelper.swift in Sources */ = {isa = PBXBuildFile; fileRef = 5912996D1B37E79E0011EA85 /* String+DateHelper.swift */; };
		591299711B37E8390011EA85 /* NSDate+Formatter.swift in Sources */ = {isa = PBXBuildFile; fileRef = 591299701B37E8390011EA85 /* NSDate+Formatter.swift */; };
		591299741B37F6BC0011EA85 /* TWPTextFieldView.swift in Sources */ = {isa = PBXBuildFile; fileRef = 591299731B37F6BC0011EA85 /* TWPTextFieldView.swift */; };
		591299761B37F6FB0011EA85 /* TWPTextFieldView.xib in Resources */ = {isa = PBXBuildFile; fileRef = 591299751B37F6FB0011EA85 /* TWPTextFieldView.xib */; };
		5917020F1B1BEA5D008ADA01 /* TWPMainViewModel.swift in Sources */ = {isa = PBXBuildFile; fileRef = 5917020E1B1BEA5D008ADA01 /* TWPMainViewModel.swift */; };
		591702131B1C3EB0008ADA01 /* TWPMainViewControllerTableViewCell.swift in Sources */ = {isa = PBXBuildFile; fileRef = 591702121B1C3EB0008ADA01 /* TWPMainViewControllerTableViewCell.swift */; };
		591ED1261B3645A300BAB592 /* UIViewController+Alert.swift in Sources */ = {isa = PBXBuildFile; fileRef = 591ED1251B3645A300BAB592 /* UIViewController+Alert.swift */; };
		593318971B33E34600110701 /* TWPUserInfoViewControllerTableViewCell.swift in Sources */ = {isa = PBXBuildFile; fileRef = 593318961B33E34600110701 /* TWPUserInfoViewControllerTableViewCell.swift */; };
		595BC56D23B79D7300DB9AD8 /* TWPUserListViewModelTests.swift in Sources */ = {isa = PBXBuildFile; fileRef = 595BC56C23B79D7300DB9AD8 /* TWPUserListViewModelTests.swift */; };
		595FC10C1B1BE8400088A2EB /* TWPAppDelegate.swift in Sources */ = {isa = PBXBuildFile; fileRef = 595FC10B1B1BE8400088A2EB /* TWPAppDelegate.swift */; };
		595FC10E1B1BE8400088A2EB /* TWPMainViewController.swift in Sources */ = {isa = PBXBuildFile; fileRef = 595FC10D1B1BE8400088A2EB /* TWPMainViewController.swift */; };
		595FC1111B1BE8400088A2EB /* Main.storyboard in Resources */ = {isa = PBXBuildFile; fileRef = 595FC10F1B1BE8400088A2EB /* Main.storyboard */; };
		595FC1131B1BE8400088A2EB /* Images.xcassets in Resources */ = {isa = PBXBuildFile; fileRef = 595FC1121B1BE8400088A2EB /* Images.xcassets */; };
		595FC1161B1BE8400088A2EB /* LaunchScreen.xib in Resources */ = {isa = PBXBuildFile; fileRef = 595FC1141B1BE8400088A2EB /* LaunchScreen.xib */; };
		595FC1221B1BE8400088A2EB /* TwitterParamTests.swift in Sources */ = {isa = PBXBuildFile; fileRef = 595FC1211B1BE8400088A2EB /* TwitterParamTests.swift */; };
		596E037023A674ED00A1CF75 /* TWPMainViewModelTests.swift in Sources */ = {isa = PBXBuildFile; fileRef = 596E036F23A674ED00A1CF75 /* TWPMainViewModelTests.swift */; };
		596E039323AE78F700A1CF75 /* TWPUserInfoViewModelTests.swift in Sources */ = {isa = PBXBuildFile; fileRef = 596E039223AE78F700A1CF75 /* TWPUserInfoViewModelTests.swift */; };
		596E039623AE851000A1CF75 /* TWPUserTests.swift in Sources */ = {isa = PBXBuildFile; fileRef = 596E039523AE851000A1CF75 /* TWPUserTests.swift */; };
		597526431B1EA7FD00419C19 /* TWPErrorCodeConst.swift in Sources */ = {isa = PBXBuildFile; fileRef = 597526421B1EA7FD00419C19 /* TWPErrorCodeConst.swift */; };
		598911091B4180600039E3A2 /* TWPPushAnimationSegue.swift in Sources */ = {isa = PBXBuildFile; fileRef = 598911081B4180600039E3A2 /* TWPPushAnimationSegue.swift */; };
		59898DB91B33FFB200273760 /* TWPTweetDetailViewController.swift in Sources */ = {isa = PBXBuildFile; fileRef = 59898DB81B33FFB200273760 /* TWPTweetDetailViewController.swift */; };
		59898DBC1B34014600273760 /* TWPTweetDetailViewModel.swift in Sources */ = {isa = PBXBuildFile; fileRef = 59898DBB1B34014600273760 /* TWPTweetDetailViewModel.swift */; };
		59AE82741B3537250083F5FF /* TWPUser.swift in Sources */ = {isa = PBXBuildFile; fileRef = 59AE82731B3537250083F5FF /* TWPUser.swift */; };
		59B578A81B1ED17700E3D801 /* TWPUserInfoViewController.swift in Sources */ = {isa = PBXBuildFile; fileRef = 59B578A71B1ED17700E3D801 /* TWPUserInfoViewController.swift */; };
		59B578AB1B1ED1FD00E3D801 /* TWPUserInfoViewModel.swift in Sources */ = {isa = PBXBuildFile; fileRef = 59B578AA1B1ED1FD00E3D801 /* TWPUserInfoViewModel.swift */; };
		59B578AD1B1EFA6E00E3D801 /* TWPTweet.swift in Sources */ = {isa = PBXBuildFile; fileRef = 59B578AC1B1EFA6E00E3D801 /* TWPTweet.swift */; };
		59B578B11B1F07BF00E3D801 /* TWPUserList.swift in Sources */ = {isa = PBXBuildFile; fileRef = 59B578B01B1F07BF00E3D801 /* TWPUserList.swift */; };
		59C0C6C323919F1200C60DAC /* SwifteriOS.framework in Frameworks */ = {isa = PBXBuildFile; fileRef = 59C0C6C223919F1200C60DAC /* SwifteriOS.framework */; };
		59C0C6C423919F1200C60DAC /* SwifteriOS.framework in CopyFiles */ = {isa = PBXBuildFile; fileRef = 59C0C6C223919F1200C60DAC /* SwifteriOS.framework */; settings = {ATTRIBUTES = (CodeSignOnCopy, RemoveHeadersOnCopy, ); }; };
		59CD8BBA1B3FBAC9000B2E93 /* TWPUserListViewController.swift in Sources */ = {isa = PBXBuildFile; fileRef = 59CD8BB91B3FBAC8000B2E93 /* TWPUserListViewController.swift */; };
		59CD8BBD1B3FEB8E000B2E93 /* TWPUserListViewModel.swift in Sources */ = {isa = PBXBuildFile; fileRef = 59CD8BBC1B3FEB8E000B2E93 /* TWPUserListViewModel.swift */; };
		59CD8BC11B401A32000B2E93 /* TWPUserListTableViewCell.swift in Sources */ = {isa = PBXBuildFile; fileRef = 59CD8BC01B401A32000B2E93 /* TWPUserListTableViewCell.swift */; };
		59DDB8DE1B3666B400C89F46 /* TWPLoginViewController.swift in Sources */ = {isa = PBXBuildFile; fileRef = 59DDB8DD1B3666B400C89F46 /* TWPLoginViewController.swift */; };
		59DDB8E01B367A0E00C89F46 /* TWPLoginViewModel.swift in Sources */ = {isa = PBXBuildFile; fileRef = 59DDB8DF1B367A0E00C89F46 /* TWPLoginViewModel.swift */; };
		59F3D27F1B1D3F6000B5235C /* TWPTwitterAPI.swift in Sources */ = {isa = PBXBuildFile; fileRef = 59F3D27E1B1D3F6000B5235C /* TWPTwitterAPI.swift */; };
		59F3D2871B1D7F4E00B5235C /* TWPUserHelper.swift in Sources */ = {isa = PBXBuildFile; fileRef = 59F3D2861B1D7F4E00B5235C /* TWPUserHelper.swift */; };
		ADE9567B114BF144825370AD /* Pods_TwitterParamTests.framework in Frameworks */ = {isa = PBXBuildFile; fileRef = 5266D82DB7424FDA0CFE9983 /* Pods_TwitterParamTests.framework */; };
/* End PBXBuildFile section */

/* Begin PBXContainerItemProxy section */
		595FC11C1B1BE8400088A2EB /* PBXContainerItemProxy */ = {
			isa = PBXContainerItemProxy;
			containerPortal = 595FC0FE1B1BE8400088A2EB /* Project object */;
			proxyType = 1;
			remoteGlobalIDString = 595FC1051B1BE8400088A2EB;
			remoteInfo = TwitterParam;
		};
/* End PBXContainerItemProxy section */

/* Begin PBXCopyFilesBuildPhase section */
		59AE827A1B353BAC0083F5FF /* CopyFiles */ = {
			isa = PBXCopyFilesBuildPhase;
			buildActionMask = 12;
			dstPath = "";
			dstSubfolderSpec = 10;
			files = (
				59C0C6C423919F1200C60DAC /* SwifteriOS.framework in CopyFiles */,
			);
			runOnlyForDeploymentPostprocessing = 0;
		};
/* End PBXCopyFilesBuildPhase section */

/* Begin PBXFileReference section */
		245A96E7AD023125B1EDD91A /* Pods-TwitterParamTests.release.xcconfig */ = {isa = PBXFileReference; includeInIndex = 1; lastKnownFileType = text.xcconfig; name = "Pods-TwitterParamTests.release.xcconfig"; path = "Target Support Files/Pods-TwitterParamTests/Pods-TwitterParamTests.release.xcconfig"; sourceTree = "<group>"; };
		34531B04D1345229DFD8F6D6 /* Pods-TwitterParam.release.xcconfig */ = {isa = PBXFileReference; includeInIndex = 1; lastKnownFileType = text.xcconfig; name = "Pods-TwitterParam.release.xcconfig"; path = "Target Support Files/Pods-TwitterParam/Pods-TwitterParam.release.xcconfig"; sourceTree = "<group>"; };
		5266D82DB7424FDA0CFE9983 /* Pods_TwitterParamTests.framework */ = {isa = PBXFileReference; explicitFileType = wrapper.framework; includeInIndex = 0; path = Pods_TwitterParamTests.framework; sourceTree = BUILT_PRODUCTS_DIR; };
		556E0362FA0F545BE5F9885A /* Pods_TwitterParam.framework */ = {isa = PBXFileReference; explicitFileType = wrapper.framework; includeInIndex = 0; path = Pods_TwitterParam.framework; sourceTree = BUILT_PRODUCTS_DIR; };
		5912996D1B37E79E0011EA85 /* String+DateHelper.swift */ = {isa = PBXFileReference; fileEncoding = 4; lastKnownFileType = sourcecode.swift; name = "String+DateHelper.swift"; path = "Extension/String/String+DateHelper.swift"; sourceTree = "<group>"; };
		591299701B37E8390011EA85 /* NSDate+Formatter.swift */ = {isa = PBXFileReference; fileEncoding = 4; lastKnownFileType = sourcecode.swift; name = "NSDate+Formatter.swift"; path = "Extension/NSDate/NSDate+Formatter.swift"; sourceTree = "<group>"; };
		591299731B37F6BC0011EA85 /* TWPTextFieldView.swift */ = {isa = PBXFileReference; fileEncoding = 4; lastKnownFileType = sourcecode.swift; name = TWPTextFieldView.swift; path = CustomView/TWPTextFieldView.swift; sourceTree = "<group>"; };
		591299751B37F6FB0011EA85 /* TWPTextFieldView.xib */ = {isa = PBXFileReference; fileEncoding = 4; lastKnownFileType = file.xib; name = TWPTextFieldView.xib; path = CustomView/TWPTextFieldView.xib; sourceTree = "<group>"; };
		5917020E1B1BEA5D008ADA01 /* TWPMainViewModel.swift */ = {isa = PBXFileReference; fileEncoding = 4; lastKnownFileType = sourcecode.swift; path = TWPMainViewModel.swift; sourceTree = "<group>"; };
		591702101B1C0741008ADA01 /* TwitterParam-Bridging-Header.h */ = {isa = PBXFileReference; lastKnownFileType = sourcecode.c.h; path = "TwitterParam-Bridging-Header.h"; sourceTree = "<group>"; };
		591702121B1C3EB0008ADA01 /* TWPMainViewControllerTableViewCell.swift */ = {isa = PBXFileReference; fileEncoding = 4; lastKnownFileType = sourcecode.swift; path = TWPMainViewControllerTableViewCell.swift; sourceTree = "<group>"; };
		591ED1251B3645A300BAB592 /* UIViewController+Alert.swift */ = {isa = PBXFileReference; fileEncoding = 4; lastKnownFileType = sourcecode.swift; name = "UIViewController+Alert.swift"; path = "Extension/UIViewController/UIViewController+Alert.swift"; sourceTree = "<group>"; };
		593318961B33E34600110701 /* TWPUserInfoViewControllerTableViewCell.swift */ = {isa = PBXFileReference; fileEncoding = 4; lastKnownFileType = sourcecode.swift; name = TWPUserInfoViewControllerTableViewCell.swift; path = CustomSubviews/TWPUserInfoViewControllerTableViewCell.swift; sourceTree = "<group>"; };
		595BC56C23B79D7300DB9AD8 /* TWPUserListViewModelTests.swift */ = {isa = PBXFileReference; lastKnownFileType = sourcecode.swift; path = TWPUserListViewModelTests.swift; sourceTree = "<group>"; };
		595FC1061B1BE8400088A2EB /* TwitterParam.app */ = {isa = PBXFileReference; explicitFileType = wrapper.application; includeInIndex = 0; path = TwitterParam.app; sourceTree = BUILT_PRODUCTS_DIR; };
		595FC10A1B1BE8400088A2EB /* Info.plist */ = {isa = PBXFileReference; lastKnownFileType = text.plist.xml; path = Info.plist; sourceTree = "<group>"; };
		595FC10B1B1BE8400088A2EB /* TWPAppDelegate.swift */ = {isa = PBXFileReference; lastKnownFileType = sourcecode.swift; path = TWPAppDelegate.swift; sourceTree = "<group>"; };
		595FC10D1B1BE8400088A2EB /* TWPMainViewController.swift */ = {isa = PBXFileReference; lastKnownFileType = sourcecode.swift; path = TWPMainViewController.swift; sourceTree = "<group>"; };
		595FC1101B1BE8400088A2EB /* Base */ = {isa = PBXFileReference; lastKnownFileType = file.storyboard; name = Base; path = Base.lproj/Main.storyboard; sourceTree = "<group>"; };
		595FC1121B1BE8400088A2EB /* Images.xcassets */ = {isa = PBXFileReference; lastKnownFileType = folder.assetcatalog; path = Images.xcassets; sourceTree = "<group>"; };
		595FC1151B1BE8400088A2EB /* Base */ = {isa = PBXFileReference; lastKnownFileType = file.xib; name = Base; path = Base.lproj/LaunchScreen.xib; sourceTree = "<group>"; };
		595FC11B1B1BE8400088A2EB /* TwitterParamTests.xctest */ = {isa = PBXFileReference; explicitFileType = wrapper.cfbundle; includeInIndex = 0; path = TwitterParamTests.xctest; sourceTree = BUILT_PRODUCTS_DIR; };
		595FC1201B1BE8400088A2EB /* Info.plist */ = {isa = PBXFileReference; lastKnownFileType = text.plist.xml; path = Info.plist; sourceTree = "<group>"; };
		595FC1211B1BE8400088A2EB /* TwitterParamTests.swift */ = {isa = PBXFileReference; lastKnownFileType = sourcecode.swift; path = TwitterParamTests.swift; sourceTree = "<group>"; };
		596E036F23A674ED00A1CF75 /* TWPMainViewModelTests.swift */ = {isa = PBXFileReference; lastKnownFileType = sourcecode.swift; path = TWPMainViewModelTests.swift; sourceTree = "<group>"; };
		596E039223AE78F700A1CF75 /* TWPUserInfoViewModelTests.swift */ = {isa = PBXFileReference; lastKnownFileType = sourcecode.swift; path = TWPUserInfoViewModelTests.swift; sourceTree = "<group>"; };
		596E039523AE851000A1CF75 /* TWPUserTests.swift */ = {isa = PBXFileReference; lastKnownFileType = sourcecode.swift; path = TWPUserTests.swift; sourceTree = "<group>"; };
		597526421B1EA7FD00419C19 /* TWPErrorCodeConst.swift */ = {isa = PBXFileReference; fileEncoding = 4; lastKnownFileType = sourcecode.swift; path = TWPErrorCodeConst.swift; sourceTree = "<group>"; };
		598911081B4180600039E3A2 /* TWPPushAnimationSegue.swift */ = {isa = PBXFileReference; fileEncoding = 4; lastKnownFileType = sourcecode.swift; name = TWPPushAnimationSegue.swift; path = Segue/TWPPushAnimationSegue.swift; sourceTree = "<group>"; };
		59898DB81B33FFB200273760 /* TWPTweetDetailViewController.swift */ = {isa = PBXFileReference; fileEncoding = 4; lastKnownFileType = sourcecode.swift; name = TWPTweetDetailViewController.swift; path = TweetDetail/TWPTweetDetailViewController.swift; sourceTree = "<group>"; };
		59898DBB1B34014600273760 /* TWPTweetDetailViewModel.swift */ = {isa = PBXFileReference; fileEncoding = 4; lastKnownFileType = sourcecode.swift; name = TWPTweetDetailViewModel.swift; path = TweetDetail/TWPTweetDetailViewModel.swift; sourceTree = "<group>"; };
		59AE82731B3537250083F5FF /* TWPUser.swift */ = {isa = PBXFileReference; fileEncoding = 4; lastKnownFileType = sourcecode.swift; path = TWPUser.swift; sourceTree = "<group>"; };
		59B578A71B1ED17700E3D801 /* TWPUserInfoViewController.swift */ = {isa = PBXFileReference; fileEncoding = 4; lastKnownFileType = sourcecode.swift; path = TWPUserInfoViewController.swift; sourceTree = "<group>"; };
		59B578AA1B1ED1FD00E3D801 /* TWPUserInfoViewModel.swift */ = {isa = PBXFileReference; fileEncoding = 4; lastKnownFileType = sourcecode.swift; path = TWPUserInfoViewModel.swift; sourceTree = "<group>"; };
		59B578AC1B1EFA6E00E3D801 /* TWPTweet.swift */ = {isa = PBXFileReference; fileEncoding = 4; lastKnownFileType = sourcecode.swift; path = TWPTweet.swift; sourceTree = "<group>"; };
		59B578B01B1F07BF00E3D801 /* TWPUserList.swift */ = {isa = PBXFileReference; fileEncoding = 4; lastKnownFileType = sourcecode.swift; path = TWPUserList.swift; sourceTree = "<group>"; };
		59C0C6C223919F1200C60DAC /* SwifteriOS.framework */ = {isa = PBXFileReference; explicitFileType = wrapper.framework; path = SwifteriOS.framework; sourceTree = BUILT_PRODUCTS_DIR; };
		59CD8BB91B3FBAC8000B2E93 /* TWPUserListViewController.swift */ = {isa = PBXFileReference; fileEncoding = 4; lastKnownFileType = sourcecode.swift; name = TWPUserListViewController.swift; path = UserList/TWPUserListViewController.swift; sourceTree = "<group>"; };
		59CD8BBC1B3FEB8E000B2E93 /* TWPUserListViewModel.swift */ = {isa = PBXFileReference; fileEncoding = 4; lastKnownFileType = sourcecode.swift; name = TWPUserListViewModel.swift; path = UserList/TWPUserListViewModel.swift; sourceTree = "<group>"; };
		59CD8BC01B401A32000B2E93 /* TWPUserListTableViewCell.swift */ = {isa = PBXFileReference; fileEncoding = 4; lastKnownFileType = sourcecode.swift; name = TWPUserListTableViewCell.swift; path = UserList/CustomSubviews/TWPUserListTableViewCell.swift; sourceTree = "<group>"; };
		59DDB8DD1B3666B400C89F46 /* TWPLoginViewController.swift */ = {isa = PBXFileReference; fileEncoding = 4; lastKnownFileType = sourcecode.swift; name = TWPLoginViewController.swift; path = Login/TWPLoginViewController.swift; sourceTree = "<group>"; };
		59DDB8DF1B367A0E00C89F46 /* TWPLoginViewModel.swift */ = {isa = PBXFileReference; fileEncoding = 4; lastKnownFileType = sourcecode.swift; name = TWPLoginViewModel.swift; path = Login/TWPLoginViewModel.swift; sourceTree = "<group>"; };
		59F3D27E1B1D3F6000B5235C /* TWPTwitterAPI.swift */ = {isa = PBXFileReference; fileEncoding = 4; lastKnownFileType = sourcecode.swift; path = TWPTwitterAPI.swift; sourceTree = "<group>"; };
		59F3D2861B1D7F4E00B5235C /* TWPUserHelper.swift */ = {isa = PBXFileReference; fileEncoding = 4; lastKnownFileType = sourcecode.swift; path = TWPUserHelper.swift; sourceTree = "<group>"; };
		8CAB7C668A34CA5E3C6B9429 /* Pods-TwitterParamTests.debug.xcconfig */ = {isa = PBXFileReference; includeInIndex = 1; lastKnownFileType = text.xcconfig; name = "Pods-TwitterParamTests.debug.xcconfig"; path = "Target Support Files/Pods-TwitterParamTests/Pods-TwitterParamTests.debug.xcconfig"; sourceTree = "<group>"; };
		B092A60602B20B4C013B1616 /* Pods-TwitterParam.debug.xcconfig */ = {isa = PBXFileReference; includeInIndex = 1; lastKnownFileType = text.xcconfig; name = "Pods-TwitterParam.debug.xcconfig"; path = "Target Support Files/Pods-TwitterParam/Pods-TwitterParam.debug.xcconfig"; sourceTree = "<group>"; };
/* End PBXFileReference section */

/* Begin PBXFrameworksBuildPhase section */
		595FC1031B1BE8400088A2EB /* Frameworks */ = {
			isa = PBXFrameworksBuildPhase;
			buildActionMask = 2147483647;
			files = (
				47F1231EBE2BD6001425519F /* Pods_TwitterParam.framework in Frameworks */,
				59C0C6C323919F1200C60DAC /* SwifteriOS.framework in Frameworks */,
			);
			runOnlyForDeploymentPostprocessing = 0;
		};
		595FC1181B1BE8400088A2EB /* Frameworks */ = {
			isa = PBXFrameworksBuildPhase;
			buildActionMask = 2147483647;
			files = (
				ADE9567B114BF144825370AD /* Pods_TwitterParamTests.framework in Frameworks */,
			);
			runOnlyForDeploymentPostprocessing = 0;
		};
/* End PBXFrameworksBuildPhase section */

/* Begin PBXGroup section */
		591299721B37F6840011EA85 /* CustomView */ = {
			isa = PBXGroup;
			children = (
				591299731B37F6BC0011EA85 /* TWPTextFieldView.swift */,
				591299751B37F6FB0011EA85 /* TWPTextFieldView.xib */,
			);
			name = CustomView;
			sourceTree = "<group>";
		};
		591702111B1C3E82008ADA01 /* CustomSubviews */ = {
			isa = PBXGroup;
			children = (
				591702121B1C3EB0008ADA01 /* TWPMainViewControllerTableViewCell.swift */,
			);
			path = CustomSubviews;
			sourceTree = "<group>";
		};
		591ED1231B3640A200BAB592 /* Extension */ = {
			isa = PBXGroup;
			children = (
				591299701B37E8390011EA85 /* NSDate+Formatter.swift */,
				5912996D1B37E79E0011EA85 /* String+DateHelper.swift */,
				591ED1251B3645A300BAB592 /* UIViewController+Alert.swift */,
			);
			name = Extension;
			sourceTree = "<group>";
		};
		593318951B33E30700110701 /* CustomSubviews */ = {
			isa = PBXGroup;
			children = (
				593318961B33E34600110701 /* TWPUserInfoViewControllerTableViewCell.swift */,
			);
			name = CustomSubviews;
			sourceTree = "<group>";
		};
		595FC0FD1B1BE8400088A2EB = {
			isa = PBXGroup;
			children = (
				595FC1081B1BE8400088A2EB /* TwitterParam */,
				595FC11E1B1BE8400088A2EB /* TwitterParamTests */,
				595FC1071B1BE8400088A2EB /* Products */,
				E271F7FE9339B364CFDA305A /* Frameworks */,
				8CDC6C5FAB74826836F12A7E /* Pods */,
			);
			sourceTree = "<group>";
		};
		595FC1071B1BE8400088A2EB /* Products */ = {
			isa = PBXGroup;
			children = (
				595FC1061B1BE8400088A2EB /* TwitterParam.app */,
				595FC11B1B1BE8400088A2EB /* TwitterParamTests.xctest */,
			);
			name = Products;
			sourceTree = "<group>";
		};
		595FC1081B1BE8400088A2EB /* TwitterParam */ = {
			isa = PBXGroup;
			children = (
				59F3D27D1B1D3F4B00B5235C /* API */,
				59F3D2831B1D77A400B5235C /* Common */,
				59F3D2801B1D53D900B5235C /* Entity */,
				591299721B37F6840011EA85 /* CustomView */,
				591ED1231B3640A200BAB592 /* Extension */,
				598911071B4180360039E3A2 /* Segue */,
				59B578B21B1F11DC00E3D801 /* SharedObject */,
				595FC12B1B1BE89C0088A2EB /* ViewModel */,
				595FC12C1B1BE8A60088A2EB /* ViewController */,
				595FC10B1B1BE8400088A2EB /* TWPAppDelegate.swift */,
				595FC10F1B1BE8400088A2EB /* Main.storyboard */,
				595FC1121B1BE8400088A2EB /* Images.xcassets */,
				595FC1141B1BE8400088A2EB /* LaunchScreen.xib */,
				591702101B1C0741008ADA01 /* TwitterParam-Bridging-Header.h */,
				595FC1091B1BE8400088A2EB /* Supporting Files */,
			);
			path = TwitterParam;
			sourceTree = "<group>";
		};
		595FC1091B1BE8400088A2EB /* Supporting Files */ = {
			isa = PBXGroup;
			children = (
				595FC10A1B1BE8400088A2EB /* Info.plist */,
			);
			path = "Supporting Files";
			sourceTree = "<group>";
		};
		595FC11E1B1BE8400088A2EB /* TwitterParamTests */ = {
			isa = PBXGroup;
			children = (
				595FC1211B1BE8400088A2EB /* TwitterParamTests.swift */,
				596E039423AE84F800A1CF75 /* Entity */,
				596E036E23A674CE00A1CF75 /* ViewModel */,
				595FC11F1B1BE8400088A2EB /* Supporting Files */,
			);
			path = TwitterParamTests;
			sourceTree = "<group>";
		};
		595FC11F1B1BE8400088A2EB /* Supporting Files */ = {
			isa = PBXGroup;
			children = (
				595FC1201B1BE8400088A2EB /* Info.plist */,
			);
			path = "Supporting Files";
			sourceTree = "<group>";
		};
		595FC12B1B1BE89C0088A2EB /* ViewModel */ = {
			isa = PBXGroup;
			children = (
				59DDB8DC1B36669500C89F46 /* Login */,
				595FC12E1B1BE8B80088A2EB /* Main */,
				59B578A91B1ED1C100E3D801 /* UserInfo */,
				59CD8BBB1B3FEB6E000B2E93 /* UserList */,
				59898DBA1B33FFC200273760 /* TweetDetail */,
			);
			path = ViewModel;
			sourceTree = "<group>";
		};
		595FC12C1B1BE8A60088A2EB /* ViewController */ = {
			isa = PBXGroup;
			children = (
				59DDB8DB1B36668E00C89F46 /* Login */,
				595FC12D1B1BE8B10088A2EB /* Main */,
				59B578A61B1ED14900E3D801 /* UserInfo */,
				59CD8BB81B3FBA8C000B2E93 /* UserList */,
				59898DB71B33FF8800273760 /* TweetDetail */,
			);
			path = ViewController;
			sourceTree = "<group>";
		};
		595FC12D1B1BE8B10088A2EB /* Main */ = {
			isa = PBXGroup;
			children = (
				595FC10D1B1BE8400088A2EB /* TWPMainViewController.swift */,
				591702111B1C3E82008ADA01 /* CustomSubviews */,
			);
			path = Main;
			sourceTree = "<group>";
		};
		595FC12E1B1BE8B80088A2EB /* Main */ = {
			isa = PBXGroup;
			children = (
				5917020E1B1BEA5D008ADA01 /* TWPMainViewModel.swift */,
			);
			path = Main;
			sourceTree = "<group>";
		};
		596E036E23A674CE00A1CF75 /* ViewModel */ = {
			isa = PBXGroup;
			children = (
				596E036F23A674ED00A1CF75 /* TWPMainViewModelTests.swift */,
				596E039223AE78F700A1CF75 /* TWPUserInfoViewModelTests.swift */,
				595BC56C23B79D7300DB9AD8 /* TWPUserListViewModelTests.swift */,
			);
			path = ViewModel;
			sourceTree = "<group>";
		};
		596E039423AE84F800A1CF75 /* Entity */ = {
			isa = PBXGroup;
			children = (
				596E039523AE851000A1CF75 /* TWPUserTests.swift */,
			);
			path = Entity;
			sourceTree = "<group>";
		};
		598911071B4180360039E3A2 /* Segue */ = {
			isa = PBXGroup;
			children = (
				598911081B4180600039E3A2 /* TWPPushAnimationSegue.swift */,
			);
			name = Segue;
			sourceTree = "<group>";
		};
		59898DB71B33FF8800273760 /* TweetDetail */ = {
			isa = PBXGroup;
			children = (
				59898DB81B33FFB200273760 /* TWPTweetDetailViewController.swift */,
			);
			name = TweetDetail;
			sourceTree = "<group>";
		};
		59898DBA1B33FFC200273760 /* TweetDetail */ = {
			isa = PBXGroup;
			children = (
				59898DBB1B34014600273760 /* TWPTweetDetailViewModel.swift */,
			);
			name = TweetDetail;
			sourceTree = "<group>";
		};
		59B578A61B1ED14900E3D801 /* UserInfo */ = {
			isa = PBXGroup;
			children = (
				59B578A71B1ED17700E3D801 /* TWPUserInfoViewController.swift */,
				593318951B33E30700110701 /* CustomSubviews */,
			);
			path = UserInfo;
			sourceTree = "<group>";
		};
		59B578A91B1ED1C100E3D801 /* UserInfo */ = {
			isa = PBXGroup;
			children = (
				59B578AA1B1ED1FD00E3D801 /* TWPUserInfoViewModel.swift */,
			);
			path = UserInfo;
			sourceTree = "<group>";
		};
		59B578B21B1F11DC00E3D801 /* SharedObject */ = {
			isa = PBXGroup;
			children = (
				59B578B01B1F07BF00E3D801 /* TWPUserList.swift */,
			);
			path = SharedObject;
			sourceTree = "<group>";
		};
		59CD8BB81B3FBA8C000B2E93 /* UserList */ = {
			isa = PBXGroup;
			children = (
				59CD8BB91B3FBAC8000B2E93 /* TWPUserListViewController.swift */,
				59CD8BBF1B400D25000B2E93 /* CustomSubviews */,
			);
			name = UserList;
			sourceTree = "<group>";
		};
		59CD8BBB1B3FEB6E000B2E93 /* UserList */ = {
			isa = PBXGroup;
			children = (
				59CD8BBC1B3FEB8E000B2E93 /* TWPUserListViewModel.swift */,
			);
			name = UserList;
			sourceTree = "<group>";
		};
		59CD8BBF1B400D25000B2E93 /* CustomSubviews */ = {
			isa = PBXGroup;
			children = (
				59CD8BC01B401A32000B2E93 /* TWPUserListTableViewCell.swift */,
			);
			name = CustomSubviews;
			sourceTree = "<group>";
		};
		59DDB8DB1B36668E00C89F46 /* Login */ = {
			isa = PBXGroup;
			children = (
				59DDB8DD1B3666B400C89F46 /* TWPLoginViewController.swift */,
			);
			name = Login;
			sourceTree = "<group>";
		};
		59DDB8DC1B36669500C89F46 /* Login */ = {
			isa = PBXGroup;
			children = (
				59DDB8DF1B367A0E00C89F46 /* TWPLoginViewModel.swift */,
			);
			name = Login;
			sourceTree = "<group>";
		};
		59F3D27D1B1D3F4B00B5235C /* API */ = {
			isa = PBXGroup;
			children = (
				59F3D27E1B1D3F6000B5235C /* TWPTwitterAPI.swift */,
			);
			path = API;
			sourceTree = "<group>";
		};
		59F3D2801B1D53D900B5235C /* Entity */ = {
			isa = PBXGroup;
			children = (
				59B578AC1B1EFA6E00E3D801 /* TWPTweet.swift */,
				59AE82731B3537250083F5FF /* TWPUser.swift */,
			);
			path = Entity;
			sourceTree = "<group>";
		};
		59F3D2831B1D77A400B5235C /* Common */ = {
			isa = PBXGroup;
			children = (
				59F3D2861B1D7F4E00B5235C /* TWPUserHelper.swift */,
				597526421B1EA7FD00419C19 /* TWPErrorCodeConst.swift */,
			);
			path = Common;
			sourceTree = "<group>";
		};
		8CDC6C5FAB74826836F12A7E /* Pods */ = {
			isa = PBXGroup;
			children = (
				B092A60602B20B4C013B1616 /* Pods-TwitterParam.debug.xcconfig */,
				34531B04D1345229DFD8F6D6 /* Pods-TwitterParam.release.xcconfig */,
				8CAB7C668A34CA5E3C6B9429 /* Pods-TwitterParamTests.debug.xcconfig */,
				245A96E7AD023125B1EDD91A /* Pods-TwitterParamTests.release.xcconfig */,
			);
			path = Pods;
			sourceTree = "<group>";
		};
		E271F7FE9339B364CFDA305A /* Frameworks */ = {
			isa = PBXGroup;
			children = (
				59C0C6C223919F1200C60DAC /* SwifteriOS.framework */,
				556E0362FA0F545BE5F9885A /* Pods_TwitterParam.framework */,
				5266D82DB7424FDA0CFE9983 /* Pods_TwitterParamTests.framework */,
			);
			name = Frameworks;
			sourceTree = "<group>";
		};
/* End PBXGroup section */

/* Begin PBXNativeTarget section */
		595FC1051B1BE8400088A2EB /* TwitterParam */ = {
			isa = PBXNativeTarget;
			buildConfigurationList = 595FC1251B1BE8400088A2EB /* Build configuration list for PBXNativeTarget "TwitterParam" */;
			buildPhases = (
				6C3BA98E3B0554192DE9A2A0 /* [CP] Check Pods Manifest.lock */,
				595FC1021B1BE8400088A2EB /* Sources */,
				595FC1031B1BE8400088A2EB /* Frameworks */,
				595FC1041B1BE8400088A2EB /* Resources */,
				59AE827A1B353BAC0083F5FF /* CopyFiles */,
				1A3AF003092DE86CE9D72E8B /* [CP] Embed Pods Frameworks */,
				59C0C6C52392C56800C60DAC /* ShellScript */,
			);
			buildRules = (
			);
			dependencies = (
			);
			name = TwitterParam;
			productName = TwitterParam;
			productReference = 595FC1061B1BE8400088A2EB /* TwitterParam.app */;
			productType = "com.apple.product-type.application";
		};
		595FC11A1B1BE8400088A2EB /* TwitterParamTests */ = {
			isa = PBXNativeTarget;
			buildConfigurationList = 595FC1281B1BE8400088A2EB /* Build configuration list for PBXNativeTarget "TwitterParamTests" */;
			buildPhases = (
				AF88CC6C73E7B1CD6EE9A86A /* [CP] Check Pods Manifest.lock */,
				595FC1171B1BE8400088A2EB /* Sources */,
				595FC1181B1BE8400088A2EB /* Frameworks */,
				595FC1191B1BE8400088A2EB /* Resources */,
			);
			buildRules = (
			);
			dependencies = (
				595FC11D1B1BE8400088A2EB /* PBXTargetDependency */,
			);
			name = TwitterParamTests;
			productName = TwitterParamTests;
			productReference = 595FC11B1B1BE8400088A2EB /* TwitterParamTests.xctest */;
			productType = "com.apple.product-type.bundle.unit-test";
		};
/* End PBXNativeTarget section */

/* Begin PBXProject section */
		595FC0FE1B1BE8400088A2EB /* Project object */ = {
			isa = PBXProject;
			attributes = {
				CLASSPREFIX = TWP;
				LastUpgradeCheck = 1120;
				ORGANIZATIONNAME = sugawar;
				TargetAttributes = {
					595FC1051B1BE8400088A2EB = {
						CreatedOnToolsVersion = 6.3;
					};
					595FC11A1B1BE8400088A2EB = {
						CreatedOnToolsVersion = 6.3;
						TestTargetID = 595FC1051B1BE8400088A2EB;
					};
				};
			};
			buildConfigurationList = 595FC1011B1BE8400088A2EB /* Build configuration list for PBXProject "TwitterParam" */;
			compatibilityVersion = "Xcode 3.2";
			developmentRegion = en;
			hasScannedForEncodings = 0;
			knownRegions = (
				en,
				Base,
			);
			mainGroup = 595FC0FD1B1BE8400088A2EB;
			productRefGroup = 595FC1071B1BE8400088A2EB /* Products */;
			projectDirPath = "";
			projectRoot = "";
			targets = (
				595FC1051B1BE8400088A2EB /* TwitterParam */,
				595FC11A1B1BE8400088A2EB /* TwitterParamTests */,
			);
		};
/* End PBXProject section */

/* Begin PBXResourcesBuildPhase section */
		595FC1041B1BE8400088A2EB /* Resources */ = {
			isa = PBXResourcesBuildPhase;
			buildActionMask = 2147483647;
			files = (
				591299761B37F6FB0011EA85 /* TWPTextFieldView.xib in Resources */,
				595FC1111B1BE8400088A2EB /* Main.storyboard in Resources */,
				595FC1161B1BE8400088A2EB /* LaunchScreen.xib in Resources */,
				595FC1131B1BE8400088A2EB /* Images.xcassets in Resources */,
			);
			runOnlyForDeploymentPostprocessing = 0;
		};
		595FC1191B1BE8400088A2EB /* Resources */ = {
			isa = PBXResourcesBuildPhase;
			buildActionMask = 2147483647;
			files = (
			);
			runOnlyForDeploymentPostprocessing = 0;
		};
/* End PBXResourcesBuildPhase section */

/* Begin PBXShellScriptBuildPhase section */
		1A3AF003092DE86CE9D72E8B /* [CP] Embed Pods Frameworks */ = {
			isa = PBXShellScriptBuildPhase;
			buildActionMask = 2147483647;
			files = (
			);
			inputPaths = (
				"${PODS_ROOT}/Target Support Files/Pods-TwitterParam/Pods-TwitterParam-frameworks.sh",
				"${BUILT_PRODUCTS_DIR}/ReactiveCocoa/ReactiveCocoa.framework",
				"${BUILT_PRODUCTS_DIR}/ReactiveSwift/ReactiveSwift.framework",
				"${BUILT_PRODUCTS_DIR}/SDWebImage/SDWebImage.framework",
				"${BUILT_PRODUCTS_DIR}/TTTAttributedLabel/TTTAttributedLabel.framework",
				"${BUILT_PRODUCTS_DIR}/UITextFieldWithLimit/UITextFieldWithLimit.framework",
			);
			name = "[CP] Embed Pods Frameworks";
			outputPaths = (
				"${TARGET_BUILD_DIR}/${FRAMEWORKS_FOLDER_PATH}/ReactiveCocoa.framework",
				"${TARGET_BUILD_DIR}/${FRAMEWORKS_FOLDER_PATH}/ReactiveSwift.framework",
				"${TARGET_BUILD_DIR}/${FRAMEWORKS_FOLDER_PATH}/SDWebImage.framework",
				"${TARGET_BUILD_DIR}/${FRAMEWORKS_FOLDER_PATH}/TTTAttributedLabel.framework",
				"${TARGET_BUILD_DIR}/${FRAMEWORKS_FOLDER_PATH}/UITextFieldWithLimit.framework",
			);
			runOnlyForDeploymentPostprocessing = 0;
			shellPath = /bin/sh;
			shellScript = "\"${PODS_ROOT}/Target Support Files/Pods-TwitterParam/Pods-TwitterParam-frameworks.sh\"\n";
			showEnvVarsInLog = 0;
		};
		59C0C6C52392C56800C60DAC /* ShellScript */ = {
			isa = PBXShellScriptBuildPhase;
			buildActionMask = 2147483647;
			files = (
			);
			inputFileListPaths = (
			);
			inputPaths = (
			);
			outputFileListPaths = (
			);
			outputPaths = (
			);
			runOnlyForDeploymentPostprocessing = 0;
			shellPath = /bin/sh;
			shellScript = "if which \"${PODS_ROOT}/SwiftLint/swiftlint\" >/dev/null; then\n  ${PODS_ROOT}/SwiftLint/swiftlint\nelse\n  echo \"warning: SwiftLint not installe, run `pod install`\"\nfi\n";
		};
		6C3BA98E3B0554192DE9A2A0 /* [CP] Check Pods Manifest.lock */ = {
			isa = PBXShellScriptBuildPhase;
			buildActionMask = 2147483647;
			files = (
			);
			inputFileListPaths = (
			);
			inputPaths = (
				"${PODS_PODFILE_DIR_PATH}/Podfile.lock",
				"${PODS_ROOT}/Manifest.lock",
			);
			name = "[CP] Check Pods Manifest.lock";
			outputFileListPaths = (
			);
			outputPaths = (
				"$(DERIVED_FILE_DIR)/Pods-TwitterParam-checkManifestLockResult.txt",
			);
			runOnlyForDeploymentPostprocessing = 0;
			shellPath = /bin/sh;
			shellScript = "diff \"${PODS_PODFILE_DIR_PATH}/Podfile.lock\" \"${PODS_ROOT}/Manifest.lock\" > /dev/null\nif [ $? != 0 ] ; then\n    # print error to STDERR\n    echo \"error: The sandbox is not in sync with the Podfile.lock. Run 'pod install' or update your CocoaPods installation.\" >&2\n    exit 1\nfi\n# This output is used by Xcode 'outputs' to avoid re-running this script phase.\necho \"SUCCESS\" > \"${SCRIPT_OUTPUT_FILE_0}\"\n";
			showEnvVarsInLog = 0;
		};
		AF88CC6C73E7B1CD6EE9A86A /* [CP] Check Pods Manifest.lock */ = {
			isa = PBXShellScriptBuildPhase;
			buildActionMask = 2147483647;
			files = (
			);
			inputFileListPaths = (
			);
			inputPaths = (
				"${PODS_PODFILE_DIR_PATH}/Podfile.lock",
				"${PODS_ROOT}/Manifest.lock",
			);
			name = "[CP] Check Pods Manifest.lock";
			outputFileListPaths = (
			);
			outputPaths = (
				"$(DERIVED_FILE_DIR)/Pods-TwitterParamTests-checkManifestLockResult.txt",
			);
			runOnlyForDeploymentPostprocessing = 0;
			shellPath = /bin/sh;
			shellScript = "diff \"${PODS_PODFILE_DIR_PATH}/Podfile.lock\" \"${PODS_ROOT}/Manifest.lock\" > /dev/null\nif [ $? != 0 ] ; then\n    # print error to STDERR\n    echo \"error: The sandbox is not in sync with the Podfile.lock. Run 'pod install' or update your CocoaPods installation.\" >&2\n    exit 1\nfi\n# This output is used by Xcode 'outputs' to avoid re-running this script phase.\necho \"SUCCESS\" > \"${SCRIPT_OUTPUT_FILE_0}\"\n";
			showEnvVarsInLog = 0;
		};
/* End PBXShellScriptBuildPhase section */

/* Begin PBXSourcesBuildPhase section */
		595FC1021B1BE8400088A2EB /* Sources */ = {
			isa = PBXSourcesBuildPhase;
			buildActionMask = 2147483647;
			files = (
				59CD8BBD1B3FEB8E000B2E93 /* TWPUserListViewModel.swift in Sources */,
				59898DBC1B34014600273760 /* TWPTweetDetailViewModel.swift in Sources */,
				59F3D2871B1D7F4E00B5235C /* TWPUserHelper.swift in Sources */,
				591299711B37E8390011EA85 /* NSDate+Formatter.swift in Sources */,
				59AE82741B3537250083F5FF /* TWPUser.swift in Sources */,
				595FC10E1B1BE8400088A2EB /* TWPMainViewController.swift in Sources */,
				59898DB91B33FFB200273760 /* TWPTweetDetailViewController.swift in Sources */,
				595FC10C1B1BE8400088A2EB /* TWPAppDelegate.swift in Sources */,
				59B578AD1B1EFA6E00E3D801 /* TWPTweet.swift in Sources */,
				5912996E1B37E79E0011EA85 /* String+DateHelper.swift in Sources */,
				597526431B1EA7FD00419C19 /* TWPErrorCodeConst.swift in Sources */,
				591702131B1C3EB0008ADA01 /* TWPMainViewControllerTableViewCell.swift in Sources */,
				59B578AB1B1ED1FD00E3D801 /* TWPUserInfoViewModel.swift in Sources */,
				59B578A81B1ED17700E3D801 /* TWPUserInfoViewController.swift in Sources */,
				59CD8BBA1B3FBAC9000B2E93 /* TWPUserListViewController.swift in Sources */,
				591299741B37F6BC0011EA85 /* TWPTextFieldView.swift in Sources */,
				59F3D27F1B1D3F6000B5235C /* TWPTwitterAPI.swift in Sources */,
				59DDB8E01B367A0E00C89F46 /* TWPLoginViewModel.swift in Sources */,
				598911091B4180600039E3A2 /* TWPPushAnimationSegue.swift in Sources */,
				59CD8BC11B401A32000B2E93 /* TWPUserListTableViewCell.swift in Sources */,
				591ED1261B3645A300BAB592 /* UIViewController+Alert.swift in Sources */,
				59B578B11B1F07BF00E3D801 /* TWPUserList.swift in Sources */,
				5917020F1B1BEA5D008ADA01 /* TWPMainViewModel.swift in Sources */,
				593318971B33E34600110701 /* TWPUserInfoViewControllerTableViewCell.swift in Sources */,
				59DDB8DE1B3666B400C89F46 /* TWPLoginViewController.swift in Sources */,
			);
			runOnlyForDeploymentPostprocessing = 0;
		};
		595FC1171B1BE8400088A2EB /* Sources */ = {
			isa = PBXSourcesBuildPhase;
			buildActionMask = 2147483647;
			files = (
				595FC1221B1BE8400088A2EB /* TwitterParamTests.swift in Sources */,
				596E039323AE78F700A1CF75 /* TWPUserInfoViewModelTests.swift in Sources */,
				595BC56D23B79D7300DB9AD8 /* TWPUserListViewModelTests.swift in Sources */,
				596E039623AE851000A1CF75 /* TWPUserTests.swift in Sources */,
				596E037023A674ED00A1CF75 /* TWPMainViewModelTests.swift in Sources */,
			);
			runOnlyForDeploymentPostprocessing = 0;
		};
/* End PBXSourcesBuildPhase section */

/* Begin PBXTargetDependency section */
		595FC11D1B1BE8400088A2EB /* PBXTargetDependency */ = {
			isa = PBXTargetDependency;
			target = 595FC1051B1BE8400088A2EB /* TwitterParam */;
			targetProxy = 595FC11C1B1BE8400088A2EB /* PBXContainerItemProxy */;
		};
/* End PBXTargetDependency section */

/* Begin PBXVariantGroup section */
		595FC10F1B1BE8400088A2EB /* Main.storyboard */ = {
			isa = PBXVariantGroup;
			children = (
				595FC1101B1BE8400088A2EB /* Base */,
			);
			name = Main.storyboard;
			path = .;
			sourceTree = "<group>";
		};
		595FC1141B1BE8400088A2EB /* LaunchScreen.xib */ = {
			isa = PBXVariantGroup;
			children = (
				595FC1151B1BE8400088A2EB /* Base */,
			);
			name = LaunchScreen.xib;
			path = .;
			sourceTree = "<group>";
		};
/* End PBXVariantGroup section */

/* Begin XCBuildConfiguration section */
		595FC1231B1BE8400088A2EB /* Debug */ = {
			isa = XCBuildConfiguration;
			buildSettings = {
				ALWAYS_SEARCH_USER_PATHS = NO;
				CLANG_ANALYZER_LOCALIZABILITY_NONLOCALIZED = YES;
				CLANG_CXX_LANGUAGE_STANDARD = "gnu++0x";
				CLANG_CXX_LIBRARY = "libc++";
				CLANG_ENABLE_MODULES = YES;
				CLANG_ENABLE_OBJC_ARC = YES;
				CLANG_WARN_BLOCK_CAPTURE_AUTORELEASING = YES;
				CLANG_WARN_BOOL_CONVERSION = YES;
				CLANG_WARN_COMMA = YES;
				CLANG_WARN_CONSTANT_CONVERSION = YES;
				CLANG_WARN_DEPRECATED_OBJC_IMPLEMENTATIONS = YES;
				CLANG_WARN_DIRECT_OBJC_ISA_USAGE = YES_ERROR;
				CLANG_WARN_EMPTY_BODY = YES;
				CLANG_WARN_ENUM_CONVERSION = YES;
				CLANG_WARN_INFINITE_RECURSION = YES;
				CLANG_WARN_INT_CONVERSION = YES;
				CLANG_WARN_NON_LITERAL_NULL_CONVERSION = YES;
				CLANG_WARN_OBJC_IMPLICIT_RETAIN_SELF = YES;
				CLANG_WARN_OBJC_LITERAL_CONVERSION = YES;
				CLANG_WARN_OBJC_ROOT_CLASS = YES_ERROR;
				CLANG_WARN_RANGE_LOOP_ANALYSIS = YES;
				CLANG_WARN_STRICT_PROTOTYPES = YES;
				CLANG_WARN_SUSPICIOUS_MOVE = YES;
				CLANG_WARN_UNREACHABLE_CODE = YES;
				CLANG_WARN__DUPLICATE_METHOD_MATCH = YES;
				"CODE_SIGN_IDENTITY[sdk=iphoneos*]" = "iPhone Developer";
				COPY_PHASE_STRIP = NO;
				DEBUG_INFORMATION_FORMAT = "dwarf-with-dsym";
				ENABLE_STRICT_OBJC_MSGSEND = YES;
				ENABLE_TESTABILITY = YES;
				GCC_C_LANGUAGE_STANDARD = gnu99;
				GCC_DYNAMIC_NO_PIC = NO;
				GCC_NO_COMMON_BLOCKS = YES;
				GCC_OPTIMIZATION_LEVEL = 0;
				GCC_PREPROCESSOR_DEFINITIONS = (
					"DEBUG=1",
					"$(inherited)",
				);
				GCC_SYMBOLS_PRIVATE_EXTERN = NO;
				GCC_WARN_64_TO_32_BIT_CONVERSION = YES;
				GCC_WARN_ABOUT_RETURN_TYPE = YES_ERROR;
				GCC_WARN_UNDECLARED_SELECTOR = YES;
				GCC_WARN_UNINITIALIZED_AUTOS = YES_AGGRESSIVE;
				GCC_WARN_UNUSED_FUNCTION = YES;
				GCC_WARN_UNUSED_VARIABLE = YES;
				IPHONEOS_DEPLOYMENT_TARGET = 11.4;
				MTL_ENABLE_DEBUG_INFO = YES;
				ONLY_ACTIVE_ARCH = YES;
				SDKROOT = iphoneos;
				SWIFT_OPTIMIZATION_LEVEL = "-Onone";
				SWIFT_VERSION = 5.0;
			};
			name = Debug;
		};
		595FC1241B1BE8400088A2EB /* Release */ = {
			isa = XCBuildConfiguration;
			buildSettings = {
				ALWAYS_SEARCH_USER_PATHS = NO;
				CLANG_ANALYZER_LOCALIZABILITY_NONLOCALIZED = YES;
				CLANG_CXX_LANGUAGE_STANDARD = "gnu++0x";
				CLANG_CXX_LIBRARY = "libc++";
				CLANG_ENABLE_MODULES = YES;
				CLANG_ENABLE_OBJC_ARC = YES;
				CLANG_WARN_BLOCK_CAPTURE_AUTORELEASING = YES;
				CLANG_WARN_BOOL_CONVERSION = YES;
				CLANG_WARN_COMMA = YES;
				CLANG_WARN_CONSTANT_CONVERSION = YES;
				CLANG_WARN_DEPRECATED_OBJC_IMPLEMENTATIONS = YES;
				CLANG_WARN_DIRECT_OBJC_ISA_USAGE = YES_ERROR;
				CLANG_WARN_EMPTY_BODY = YES;
				CLANG_WARN_ENUM_CONVERSION = YES;
				CLANG_WARN_INFINITE_RECURSION = YES;
				CLANG_WARN_INT_CONVERSION = YES;
				CLANG_WARN_NON_LITERAL_NULL_CONVERSION = YES;
				CLANG_WARN_OBJC_IMPLICIT_RETAIN_SELF = YES;
				CLANG_WARN_OBJC_LITERAL_CONVERSION = YES;
				CLANG_WARN_OBJC_ROOT_CLASS = YES_ERROR;
				CLANG_WARN_RANGE_LOOP_ANALYSIS = YES;
				CLANG_WARN_STRICT_PROTOTYPES = YES;
				CLANG_WARN_SUSPICIOUS_MOVE = YES;
				CLANG_WARN_UNREACHABLE_CODE = YES;
				CLANG_WARN__DUPLICATE_METHOD_MATCH = YES;
				"CODE_SIGN_IDENTITY[sdk=iphoneos*]" = "iPhone Developer";
				COPY_PHASE_STRIP = NO;
				DEBUG_INFORMATION_FORMAT = "dwarf-with-dsym";
				ENABLE_NS_ASSERTIONS = NO;
				ENABLE_STRICT_OBJC_MSGSEND = YES;
				GCC_C_LANGUAGE_STANDARD = gnu99;
				GCC_NO_COMMON_BLOCKS = YES;
				GCC_WARN_64_TO_32_BIT_CONVERSION = YES;
				GCC_WARN_ABOUT_RETURN_TYPE = YES_ERROR;
				GCC_WARN_UNDECLARED_SELECTOR = YES;
				GCC_WARN_UNINITIALIZED_AUTOS = YES_AGGRESSIVE;
				GCC_WARN_UNUSED_FUNCTION = YES;
				GCC_WARN_UNUSED_VARIABLE = YES;
				IPHONEOS_DEPLOYMENT_TARGET = 11.4;
				MTL_ENABLE_DEBUG_INFO = NO;
				SDKROOT = iphoneos;
				SWIFT_COMPILATION_MODE = wholemodule;
				SWIFT_VERSION = 5.0;
				VALIDATE_PRODUCT = YES;
			};
			name = Release;
		};
		595FC1261B1BE8400088A2EB /* Debug */ = {
			isa = XCBuildConfiguration;
			baseConfigurationReference = B092A60602B20B4C013B1616 /* Pods-TwitterParam.debug.xcconfig */;
			buildSettings = {
				ASSETCATALOG_COMPILER_APPICON_NAME = AppIcon;
				FRAMEWORK_SEARCH_PATHS = (
					"$(inherited)",
					"$(PROJECT_DIR)/Swifter/build/Debug-iphoneos",
				);
				INFOPLIST_FILE = "TwitterParam/Supporting Files/Info.plist";
				INSTALL_PATH = "$(LOCAL_APPS_DIR)";
				LD_RUNPATH_SEARCH_PATHS = "$(inherited) @executable_path/Frameworks @loader_path/../Frameworks/";
				PRODUCT_BUNDLE_IDENTIFIER = com.sugawar.TwitterParam;
				PRODUCT_NAME = "$(TARGET_NAME)";
				SWIFT_OBJC_BRIDGING_HEADER = "./TwitterParam/TwitterParam-Bridging-Header.h";
				SWIFT_VERSION = 5.0;
			};
			name = Debug;
		};
		595FC1271B1BE8400088A2EB /* Release */ = {
			isa = XCBuildConfiguration;
			baseConfigurationReference = 34531B04D1345229DFD8F6D6 /* Pods-TwitterParam.release.xcconfig */;
			buildSettings = {
				ASSETCATALOG_COMPILER_APPICON_NAME = AppIcon;
				FRAMEWORK_SEARCH_PATHS = (
					"$(inherited)",
					"$(PROJECT_DIR)/Swifter/build/Debug-iphoneos",
				);
				INFOPLIST_FILE = "TwitterParam/Supporting Files/Info.plist";
				INSTALL_PATH = "$(LOCAL_APPS_DIR)";
				LD_RUNPATH_SEARCH_PATHS = "$(inherited) @executable_path/Frameworks @loader_path/../Frameworks/";
				PRODUCT_BUNDLE_IDENTIFIER = com.sugawar.TwitterParam;
				PRODUCT_NAME = "$(TARGET_NAME)";
				SWIFT_OBJC_BRIDGING_HEADER = "./TwitterParam/TwitterParam-Bridging-Header.h";
				SWIFT_VERSION = 5.0;
			};
			name = Release;
		};
		595FC1291B1BE8400088A2EB /* Debug */ = {
			isa = XCBuildConfiguration;
			baseConfigurationReference = 8CAB7C668A34CA5E3C6B9429 /* Pods-TwitterParamTests.debug.xcconfig */;
			buildSettings = {
				BUNDLE_LOADER = "$(TEST_HOST)";
				FRAMEWORK_SEARCH_PATHS = (
					"$(SDKROOT)/Developer/Library/Frameworks",
					"$(inherited)",
				);
				GCC_PREPROCESSOR_DEFINITIONS = (
					"DEBUG=1",
					"$(inherited)",
				);
				INFOPLIST_FILE = "TwitterParamTests/Supporting Files/Info.plist";
				LD_RUNPATH_SEARCH_PATHS = "$(inherited) @executable_path/Frameworks @loader_path/Frameworks";
				PRODUCT_BUNDLE_IDENTIFIER = "com.sugawar.$(PRODUCT_NAME:rfc1034identifier)";
				PRODUCT_NAME = "$(TARGET_NAME)";
				TEST_HOST = "$(BUILT_PRODUCTS_DIR)/TwitterParam.app/TwitterParam";
			};
			name = Debug;
		};
		595FC12A1B1BE8400088A2EB /* Release */ = {
			isa = XCBuildConfiguration;
			baseConfigurationReference = 245A96E7AD023125B1EDD91A /* Pods-TwitterParamTests.release.xcconfig */;
			buildSettings = {
				BUNDLE_LOADER = "$(TEST_HOST)";
				FRAMEWORK_SEARCH_PATHS = (
					"$(SDKROOT)/Developer/Library/Frameworks",
					"$(inherited)",
				);
				INFOPLIST_FILE = "TwitterParamTests/Supporting Files/Info.plist";
				LD_RUNPATH_SEARCH_PATHS = "$(inherited) @executable_path/Frameworks @loader_path/Frameworks";
				PRODUCT_BUNDLE_IDENTIFIER = "com.sugawar.$(PRODUCT_NAME:rfc1034identifier)";
				PRODUCT_NAME = "$(TARGET_NAME)";
				TEST_HOST = "$(BUILT_PRODUCTS_DIR)/TwitterParam.app/TwitterParam";
			};
			name = Release;
		};
/* End XCBuildConfiguration section */

/* Begin XCConfigurationList section */
		595FC1011B1BE8400088A2EB /* Build configuration list for PBXProject "TwitterParam" */ = {
			isa = XCConfigurationList;
			buildConfigurations = (
				595FC1231B1BE8400088A2EB /* Debug */,
				595FC1241B1BE8400088A2EB /* Release */,
			);
			defaultConfigurationIsVisible = 0;
			defaultConfigurationName = Release;
		};
		595FC1251B1BE8400088A2EB /* Build configuration list for PBXNativeTarget "TwitterParam" */ = {
			isa = XCConfigurationList;
			buildConfigurations = (
				595FC1261B1BE8400088A2EB /* Debug */,
				595FC1271B1BE8400088A2EB /* Release */,
			);
			defaultConfigurationIsVisible = 0;
			defaultConfigurationName = Release;
		};
		595FC1281B1BE8400088A2EB /* Build configuration list for PBXNativeTarget "TwitterParamTests" */ = {
			isa = XCConfigurationList;
			buildConfigurations = (
				595FC1291B1BE8400088A2EB /* Debug */,
				595FC12A1B1BE8400088A2EB /* Release */,
			);
			defaultConfigurationIsVisible = 0;
			defaultConfigurationName = Release;
		};
/* End XCConfigurationList section */
	};
	rootObject = 595FC0FE1B1BE8400088A2EB /* Project object */;
}
